
Microsoft Visual Studio Solution File, Format Version 12.00
# Visual Studio Version 17
VisualStudioVersion = 17.1.32328.378
MinimumVisualStudioVersion = 10.0.40219.1
Project("{FAE04EC0-301F-11D3-BF4B-00C04F79EFBC}") = "CoCo3OrgGen", "CoCo3OrgGen\CoCo3OrgGen.csproj", "{F6884636-7A04-4CBB-95A2-46CC783CA40E}"
EndProject
Global
	GlobalSection(SolutionConfigurationPlatforms) = preSolution
		Debug|Any CPU = Debug|Any CPU
		Release|Any CPU = Release|Any CPU
	EndGlobalSection
	GlobalSection(ProjectConfigurationPlatforms) = postSolution
		{F6884636-7A04-4CBB-95A2-46CC783CA40E}.Debug|Any CPU.ActiveCfg = Debug|Any CPU
		{F6884636-7A04-4CBB-95A2-46CC783CA40E}.Debug|Any CPU.Build.0 = Debug|Any CPU
		{F6884636-7A04-4CBB-95A2-46CC783CA40E}.Release|Any CPU.ActiveCfg = Release|Any CPU
		{F6884636-7A04-4CBB-95A2-46CC783CA40E}.Release|Any CPU.Build.0 = Release|Any CPU
	EndGlobalSection
	GlobalSection(SolutionProperties) = preSolution
		HideSolutionNode = FALSE
	EndGlobalSection
	GlobalSection(ExtensibilityGlobals) = postSolution
		SolutionGuid = {F0E9B50C-23B7-4563-B7B2-B11690DD464A}
	EndGlobalSection
EndGlobal
